
Microsoft Visual Studio Solution File, Format Version 12.00
# Visual Studio 2015
Project("{FAE04EC0-301F-11D3-BF4B-00C04F79EFBC}") = "3Dtank.Plugins", "3Dtank.Plugins.csproj", "{A7084D7A-90A1-10F0-7195-0410B8899D81}"
EndProject
Project("{FAE04EC0-301F-11D3-BF4B-00C04F79EFBC}") = "3Dtank", "3Dtank.csproj", "{D466CFC3-426A-82B7-1BB5-4444C883EF10}"
EndProject
Project("{FAE04EC0-301F-11D3-BF4B-00C04F79EFBC}") = "3Dtank.Editor.Plugins", "3Dtank.Editor.Plugins.csproj", "{FDCBB4A3-54B6-041F-C048-163BDA79E276}"
EndProject
Global
	GlobalSection(SolutionConfigurationPlatforms) = preSolution
		Debug|Any CPU = Debug|Any CPU
		Release|Any CPU = Release|Any CPU
	EndGlobalSection
	GlobalSection(ProjectConfigurationPlatforms) = postSolution
		{A7084D7A-90A1-10F0-7195-0410B8899D81}.Debug|Any CPU.ActiveCfg = Debug|Any CPU
		{A7084D7A-90A1-10F0-7195-0410B8899D81}.Debug|Any CPU.Build.0 = Debug|Any CPU
		{A7084D7A-90A1-10F0-7195-0410B8899D81}.Release|Any CPU.ActiveCfg = Release|Any CPU
		{A7084D7A-90A1-10F0-7195-0410B8899D81}.Release|Any CPU.Build.0 = Release|Any CPU
		{D466CFC3-426A-82B7-1BB5-4444C883EF10}.Debug|Any CPU.ActiveCfg = Debug|Any CPU
		{D466CFC3-426A-82B7-1BB5-4444C883EF10}.Debug|Any CPU.Build.0 = Debug|Any CPU
		{D466CFC3-426A-82B7-1BB5-4444C883EF10}.Release|Any CPU.ActiveCfg = Release|Any CPU
		{D466CFC3-426A-82B7-1BB5-4444C883EF10}.Release|Any CPU.Build.0 = Release|Any CPU
		{FDCBB4A3-54B6-041F-C048-163BDA79E276}.Debug|Any CPU.ActiveCfg = Debug|Any CPU
		{FDCBB4A3-54B6-041F-C048-163BDA79E276}.Debug|Any CPU.Build.0 = Debug|Any CPU
		{FDCBB4A3-54B6-041F-C048-163BDA79E276}.Release|Any CPU.ActiveCfg = Release|Any CPU
		{FDCBB4A3-54B6-041F-C048-163BDA79E276}.Release|Any CPU.Build.0 = Release|Any CPU
	EndGlobalSection
	GlobalSection(SolutionProperties) = preSolution
		HideSolutionNode = FALSE
	EndGlobalSection
EndGlobal
