
Microsoft Visual Studio Solution File, Format Version 11.00
# Visual Studio 2010
Project("{FAE04EC0-301F-11D3-BF4B-00C04F79EFBC}") = "3DTank", "Assembly-CSharp-firstpass.csproj", "{1734D384-7B68-22A1-2409-18F4116BA25C}"
EndProject
Project("{FAE04EC0-301F-11D3-BF4B-00C04F79EFBC}") = "3DTank", "Assembly-CSharp.csproj", "{3C0586F1-7544-7247-9256-04D07186100D}"
EndProject
Project("{FAE04EC0-301F-11D3-BF4B-00C04F79EFBC}") = "3DTank", "Assembly-CSharp-Editor-firstpass.csproj", "{7252B325-50C4-4BE4-C0C3-550BB1022D0C}"
EndProject
Project("{FAE04EC0-301F-11D3-BF4B-00C04F79EFBC}") = "3DTank", "Assembly-CSharp-Editor.csproj", "{E8E807D9-24B3-132A-E2FA-BD0354480A1D}"
EndProject
Global
	GlobalSection(SolutionConfigurationPlatforms) = preSolution
		Debug|Any CPU = Debug|Any CPU
		Release|Any CPU = Release|Any CPU
	EndGlobalSection
	GlobalSection(ProjectConfigurationPlatforms) = postSolution
		{1734D384-7B68-22A1-2409-18F4116BA25C}.Debug|Any CPU.ActiveCfg = Debug|Any CPU
		{1734D384-7B68-22A1-2409-18F4116BA25C}.Debug|Any CPU.Build.0 = Debug|Any CPU
		{1734D384-7B68-22A1-2409-18F4116BA25C}.Release|Any CPU.ActiveCfg = Release|Any CPU
		{1734D384-7B68-22A1-2409-18F4116BA25C}.Release|Any CPU.Build.0 = Release|Any CPU
		{3C0586F1-7544-7247-9256-04D07186100D}.Debug|Any CPU.ActiveCfg = Debug|Any CPU
		{3C0586F1-7544-7247-9256-04D07186100D}.Debug|Any CPU.Build.0 = Debug|Any CPU
		{3C0586F1-7544-7247-9256-04D07186100D}.Release|Any CPU.ActiveCfg = Release|Any CPU
		{3C0586F1-7544-7247-9256-04D07186100D}.Release|Any CPU.Build.0 = Release|Any CPU
		{7252B325-50C4-4BE4-C0C3-550BB1022D0C}.Debug|Any CPU.ActiveCfg = Debug|Any CPU
		{7252B325-50C4-4BE4-C0C3-550BB1022D0C}.Debug|Any CPU.Build.0 = Debug|Any CPU
		{7252B325-50C4-4BE4-C0C3-550BB1022D0C}.Release|Any CPU.ActiveCfg = Release|Any CPU
		{7252B325-50C4-4BE4-C0C3-550BB1022D0C}.Release|Any CPU.Build.0 = Release|Any CPU
		{E8E807D9-24B3-132A-E2FA-BD0354480A1D}.Debug|Any CPU.ActiveCfg = Debug|Any CPU
		{E8E807D9-24B3-132A-E2FA-BD0354480A1D}.Debug|Any CPU.Build.0 = Debug|Any CPU
		{E8E807D9-24B3-132A-E2FA-BD0354480A1D}.Release|Any CPU.ActiveCfg = Release|Any CPU
		{E8E807D9-24B3-132A-E2FA-BD0354480A1D}.Release|Any CPU.Build.0 = Release|Any CPU
	EndGlobalSection
	GlobalSection(SolutionProperties) = preSolution
		HideSolutionNode = FALSE
	EndGlobalSection
	GlobalSection(MonoDevelopProperties) = preSolution
		StartupItem = Assembly-CSharp.csproj
	EndGlobalSection
EndGlobal
